
Microsoft Visual Studio Solution File, Format Version 12.00
# Visual Studio Version 17
VisualStudioVersion = 17.2.32505.173
MinimumVisualStudioVersion = 10.0.40219.1
Project("{8BC9CEB8-8B4A-11D0-8D11-00A0C91BC942}") = "test_0605_3", "test_0605_3.vcxproj", "{C5112BA7-E378-4BBF-8BBF-9A6769F5F91C}"
EndProject
Global
	GlobalSection(SolutionConfigurationPlatforms) = preSolution
		Debug|x64 = Debug|x64
		Debug|x86 = Debug|x86
		Release|x64 = Release|x64
		Release|x86 = Release|x86
	EndGlobalSection
	GlobalSection(ProjectConfigurationPlatforms) = postSolution
		{C5112BA7-E378-4BBF-8BBF-9A6769F5F91C}.Debug|x64.ActiveCfg = Debug|x64
		{C5112BA7-E378-4BBF-8BBF-9A6769F5F91C}.Debug|x64.Build.0 = Debug|x64
		{C5112BA7-E378-4BBF-8BBF-9A6769F5F91C}.Debug|x86.ActiveCfg = Debug|Win32
		{C5112BA7-E378-4BBF-8BBF-9A6769F5F91C}.Debug|x86.Build.0 = Debug|Win32
		{C5112BA7-E378-4BBF-8BBF-9A6769F5F91C}.Release|x64.ActiveCfg = Release|x64
		{C5112BA7-E378-4BBF-8BBF-9A6769F5F91C}.Release|x64.Build.0 = Release|x64
		{C5112BA7-E378-4BBF-8BBF-9A6769F5F91C}.Release|x86.ActiveCfg = Release|Win32
		{C5112BA7-E378-4BBF-8BBF-9A6769F5F91C}.Release|x86.Build.0 = Release|Win32
	EndGlobalSection
	GlobalSection(SolutionProperties) = preSolution
		HideSolutionNode = FALSE
	EndGlobalSection
	GlobalSection(ExtensibilityGlobals) = postSolution
		SolutionGuid = {630C9944-284C-4F62-8DB0-2A9645630593}
	EndGlobalSection
EndGlobal
