
Microsoft Visual Studio Solution File, Format Version 12.00
# Visual Studio Version 17
VisualStudioVersion = 17.2.32505.173
MinimumVisualStudioVersion = 10.0.40219.1
Project("{8BC9CEB8-8B4A-11D0-8D11-00A0C91BC942}") = "test_0716_1", "test_0716_1.vcxproj", "{F8211B96-E67B-416F-B2FD-803DCF239256}"
EndProject
Global
	GlobalSection(SolutionConfigurationPlatforms) = preSolution
		Debug|x64 = Debug|x64
		Debug|x86 = Debug|x86
		Release|x64 = Release|x64
		Release|x86 = Release|x86
	EndGlobalSection
	GlobalSection(ProjectConfigurationPlatforms) = postSolution
		{F8211B96-E67B-416F-B2FD-803DCF239256}.Debug|x64.ActiveCfg = Debug|x64
		{F8211B96-E67B-416F-B2FD-803DCF239256}.Debug|x64.Build.0 = Debug|x64
		{F8211B96-E67B-416F-B2FD-803DCF239256}.Debug|x86.ActiveCfg = Debug|Win32
		{F8211B96-E67B-416F-B2FD-803DCF239256}.Debug|x86.Build.0 = Debug|Win32
		{F8211B96-E67B-416F-B2FD-803DCF239256}.Release|x64.ActiveCfg = Release|x64
		{F8211B96-E67B-416F-B2FD-803DCF239256}.Release|x64.Build.0 = Release|x64
		{F8211B96-E67B-416F-B2FD-803DCF239256}.Release|x86.ActiveCfg = Release|Win32
		{F8211B96-E67B-416F-B2FD-803DCF239256}.Release|x86.Build.0 = Release|Win32
	EndGlobalSection
	GlobalSection(SolutionProperties) = preSolution
		HideSolutionNode = FALSE
	EndGlobalSection
	GlobalSection(ExtensibilityGlobals) = postSolution
		SolutionGuid = {2C5B2406-3AB5-4DA1-8D3B-828790DB7F6C}
	EndGlobalSection
EndGlobal
