
Microsoft Visual Studio Solution File, Format Version 12.00
# Visual Studio Version 17
VisualStudioVersion = 17.2.32505.173
MinimumVisualStudioVersion = 10.0.40219.1
Project("{8BC9CEB8-8B4A-11D0-8D11-00A0C91BC942}") = "test_0604_1", "test_0604_1.vcxproj", "{005218EE-2B7F-444C-BAAE-05C26EA89D02}"
EndProject
Global
	GlobalSection(SolutionConfigurationPlatforms) = preSolution
		Debug|x64 = Debug|x64
		Debug|x86 = Debug|x86
		Release|x64 = Release|x64
		Release|x86 = Release|x86
	EndGlobalSection
	GlobalSection(ProjectConfigurationPlatforms) = postSolution
		{005218EE-2B7F-444C-BAAE-05C26EA89D02}.Debug|x64.ActiveCfg = Debug|x64
		{005218EE-2B7F-444C-BAAE-05C26EA89D02}.Debug|x64.Build.0 = Debug|x64
		{005218EE-2B7F-444C-BAAE-05C26EA89D02}.Debug|x86.ActiveCfg = Debug|Win32
		{005218EE-2B7F-444C-BAAE-05C26EA89D02}.Debug|x86.Build.0 = Debug|Win32
		{005218EE-2B7F-444C-BAAE-05C26EA89D02}.Release|x64.ActiveCfg = Release|x64
		{005218EE-2B7F-444C-BAAE-05C26EA89D02}.Release|x64.Build.0 = Release|x64
		{005218EE-2B7F-444C-BAAE-05C26EA89D02}.Release|x86.ActiveCfg = Release|Win32
		{005218EE-2B7F-444C-BAAE-05C26EA89D02}.Release|x86.Build.0 = Release|Win32
	EndGlobalSection
	GlobalSection(SolutionProperties) = preSolution
		HideSolutionNode = FALSE
	EndGlobalSection
	GlobalSection(ExtensibilityGlobals) = postSolution
		SolutionGuid = {AC803E34-1B10-4C8C-AE04-9ADA76BD5F21}
	EndGlobalSection
EndGlobal
