
Microsoft Visual Studio Solution File, Format Version 12.00
# Visual Studio Version 17
VisualStudioVersion = 17.2.32505.173
MinimumVisualStudioVersion = 10.0.40219.1
Project("{8BC9CEB8-8B4A-11D0-8D11-00A0C91BC942}") = "test_0717_3", "test_0717_3.vcxproj", "{B7044FFE-C0FB-4598-B9CF-65C292A3B076}"
EndProject
Global
	GlobalSection(SolutionConfigurationPlatforms) = preSolution
		Debug|x64 = Debug|x64
		Debug|x86 = Debug|x86
		Release|x64 = Release|x64
		Release|x86 = Release|x86
	EndGlobalSection
	GlobalSection(ProjectConfigurationPlatforms) = postSolution
		{B7044FFE-C0FB-4598-B9CF-65C292A3B076}.Debug|x64.ActiveCfg = Debug|x64
		{B7044FFE-C0FB-4598-B9CF-65C292A3B076}.Debug|x64.Build.0 = Debug|x64
		{B7044FFE-C0FB-4598-B9CF-65C292A3B076}.Debug|x86.ActiveCfg = Debug|Win32
		{B7044FFE-C0FB-4598-B9CF-65C292A3B076}.Debug|x86.Build.0 = Debug|Win32
		{B7044FFE-C0FB-4598-B9CF-65C292A3B076}.Release|x64.ActiveCfg = Release|x64
		{B7044FFE-C0FB-4598-B9CF-65C292A3B076}.Release|x64.Build.0 = Release|x64
		{B7044FFE-C0FB-4598-B9CF-65C292A3B076}.Release|x86.ActiveCfg = Release|Win32
		{B7044FFE-C0FB-4598-B9CF-65C292A3B076}.Release|x86.Build.0 = Release|Win32
	EndGlobalSection
	GlobalSection(SolutionProperties) = preSolution
		HideSolutionNode = FALSE
	EndGlobalSection
	GlobalSection(ExtensibilityGlobals) = postSolution
		SolutionGuid = {CC02749A-CBE0-4EB5-9D85-AE98C792DA61}
	EndGlobalSection
EndGlobal
