
Microsoft Visual Studio Solution File, Format Version 12.00
# Visual Studio Version 17
VisualStudioVersion = 17.2.32505.173
MinimumVisualStudioVersion = 10.0.40219.1
Project("{8BC9CEB8-8B4A-11D0-8D11-00A0C91BC942}") = "test_531_1", "test_531_1.vcxproj", "{CBB665B1-9E0C-435A-BCA2-0093A7BA239C}"
EndProject
Global
	GlobalSection(SolutionConfigurationPlatforms) = preSolution
		Debug|x64 = Debug|x64
		Debug|x86 = Debug|x86
		Release|x64 = Release|x64
		Release|x86 = Release|x86
	EndGlobalSection
	GlobalSection(ProjectConfigurationPlatforms) = postSolution
		{CBB665B1-9E0C-435A-BCA2-0093A7BA239C}.Debug|x64.ActiveCfg = Debug|x64
		{CBB665B1-9E0C-435A-BCA2-0093A7BA239C}.Debug|x64.Build.0 = Debug|x64
		{CBB665B1-9E0C-435A-BCA2-0093A7BA239C}.Debug|x86.ActiveCfg = Debug|Win32
		{CBB665B1-9E0C-435A-BCA2-0093A7BA239C}.Debug|x86.Build.0 = Debug|Win32
		{CBB665B1-9E0C-435A-BCA2-0093A7BA239C}.Release|x64.ActiveCfg = Release|x64
		{CBB665B1-9E0C-435A-BCA2-0093A7BA239C}.Release|x64.Build.0 = Release|x64
		{CBB665B1-9E0C-435A-BCA2-0093A7BA239C}.Release|x86.ActiveCfg = Release|Win32
		{CBB665B1-9E0C-435A-BCA2-0093A7BA239C}.Release|x86.Build.0 = Release|Win32
	EndGlobalSection
	GlobalSection(SolutionProperties) = preSolution
		HideSolutionNode = FALSE
	EndGlobalSection
	GlobalSection(ExtensibilityGlobals) = postSolution
		SolutionGuid = {3B76FAE3-C7DF-49A9-B2D6-F8F51EE5A737}
	EndGlobalSection
EndGlobal
