
Microsoft Visual Studio Solution File, Format Version 12.00
# Visual Studio Version 17
VisualStudioVersion = 17.2.32505.173
MinimumVisualStudioVersion = 10.0.40219.1
Project("{8BC9CEB8-8B4A-11D0-8D11-00A0C91BC942}") = "test_0828_1", "test_0828_1.vcxproj", "{EEE1E296-1C71-40AB-AD3E-CED1D907F36D}"
EndProject
Global
	GlobalSection(SolutionConfigurationPlatforms) = preSolution
		Debug|x64 = Debug|x64
		Debug|x86 = Debug|x86
		Release|x64 = Release|x64
		Release|x86 = Release|x86
	EndGlobalSection
	GlobalSection(ProjectConfigurationPlatforms) = postSolution
		{EEE1E296-1C71-40AB-AD3E-CED1D907F36D}.Debug|x64.ActiveCfg = Debug|x64
		{EEE1E296-1C71-40AB-AD3E-CED1D907F36D}.Debug|x64.Build.0 = Debug|x64
		{EEE1E296-1C71-40AB-AD3E-CED1D907F36D}.Debug|x86.ActiveCfg = Debug|Win32
		{EEE1E296-1C71-40AB-AD3E-CED1D907F36D}.Debug|x86.Build.0 = Debug|Win32
		{EEE1E296-1C71-40AB-AD3E-CED1D907F36D}.Release|x64.ActiveCfg = Release|x64
		{EEE1E296-1C71-40AB-AD3E-CED1D907F36D}.Release|x64.Build.0 = Release|x64
		{EEE1E296-1C71-40AB-AD3E-CED1D907F36D}.Release|x86.ActiveCfg = Release|Win32
		{EEE1E296-1C71-40AB-AD3E-CED1D907F36D}.Release|x86.Build.0 = Release|Win32
	EndGlobalSection
	GlobalSection(SolutionProperties) = preSolution
		HideSolutionNode = FALSE
	EndGlobalSection
	GlobalSection(ExtensibilityGlobals) = postSolution
		SolutionGuid = {AB66EB99-8BE8-4035-9F6E-C1C517FDD8D1}
	EndGlobalSection
EndGlobal
