
Microsoft Visual Studio Solution File, Format Version 12.00
# Visual Studio Version 17
VisualStudioVersion = 17.2.32505.173
MinimumVisualStudioVersion = 10.0.40219.1
Project("{8BC9CEB8-8B4A-11D0-8D11-00A0C91BC942}") = "test_0716_3", "test_0716_3.vcxproj", "{5322C93F-6362-4DEA-832D-75CA1B17A19A}"
EndProject
Global
	GlobalSection(SolutionConfigurationPlatforms) = preSolution
		Debug|x64 = Debug|x64
		Debug|x86 = Debug|x86
		Release|x64 = Release|x64
		Release|x86 = Release|x86
	EndGlobalSection
	GlobalSection(ProjectConfigurationPlatforms) = postSolution
		{5322C93F-6362-4DEA-832D-75CA1B17A19A}.Debug|x64.ActiveCfg = Debug|x64
		{5322C93F-6362-4DEA-832D-75CA1B17A19A}.Debug|x64.Build.0 = Debug|x64
		{5322C93F-6362-4DEA-832D-75CA1B17A19A}.Debug|x86.ActiveCfg = Debug|Win32
		{5322C93F-6362-4DEA-832D-75CA1B17A19A}.Debug|x86.Build.0 = Debug|Win32
		{5322C93F-6362-4DEA-832D-75CA1B17A19A}.Release|x64.ActiveCfg = Release|x64
		{5322C93F-6362-4DEA-832D-75CA1B17A19A}.Release|x64.Build.0 = Release|x64
		{5322C93F-6362-4DEA-832D-75CA1B17A19A}.Release|x86.ActiveCfg = Release|Win32
		{5322C93F-6362-4DEA-832D-75CA1B17A19A}.Release|x86.Build.0 = Release|Win32
	EndGlobalSection
	GlobalSection(SolutionProperties) = preSolution
		HideSolutionNode = FALSE
	EndGlobalSection
	GlobalSection(ExtensibilityGlobals) = postSolution
		SolutionGuid = {188153F2-3912-4314-BC62-E824A154A1F2}
	EndGlobalSection
EndGlobal
