
Microsoft Visual Studio Solution File, Format Version 12.00
# Visual Studio Version 17
VisualStudioVersion = 17.2.32505.173
MinimumVisualStudioVersion = 10.0.40219.1
Project("{8BC9CEB8-8B4A-11D0-8D11-00A0C91BC942}") = "test_0607_1", "test_0607_1.vcxproj", "{BCDF0555-C90C-4E88-9402-15143A74D10C}"
EndProject
Global
	GlobalSection(SolutionConfigurationPlatforms) = preSolution
		Debug|x64 = Debug|x64
		Debug|x86 = Debug|x86
		Release|x64 = Release|x64
		Release|x86 = Release|x86
	EndGlobalSection
	GlobalSection(ProjectConfigurationPlatforms) = postSolution
		{BCDF0555-C90C-4E88-9402-15143A74D10C}.Debug|x64.ActiveCfg = Debug|x64
		{BCDF0555-C90C-4E88-9402-15143A74D10C}.Debug|x64.Build.0 = Debug|x64
		{BCDF0555-C90C-4E88-9402-15143A74D10C}.Debug|x86.ActiveCfg = Debug|Win32
		{BCDF0555-C90C-4E88-9402-15143A74D10C}.Debug|x86.Build.0 = Debug|Win32
		{BCDF0555-C90C-4E88-9402-15143A74D10C}.Release|x64.ActiveCfg = Release|x64
		{BCDF0555-C90C-4E88-9402-15143A74D10C}.Release|x64.Build.0 = Release|x64
		{BCDF0555-C90C-4E88-9402-15143A74D10C}.Release|x86.ActiveCfg = Release|Win32
		{BCDF0555-C90C-4E88-9402-15143A74D10C}.Release|x86.Build.0 = Release|Win32
	EndGlobalSection
	GlobalSection(SolutionProperties) = preSolution
		HideSolutionNode = FALSE
	EndGlobalSection
	GlobalSection(ExtensibilityGlobals) = postSolution
		SolutionGuid = {F1B0D92D-3EA9-4D3E-A133-ABB235002A0D}
	EndGlobalSection
EndGlobal
